
Microsoft Visual Studio Solution File, Format Version 12.00
# Visual Studio Version 17
VisualStudioVersion = 17.2.32602.215
MinimumVisualStudioVersion = 10.0.40219.1
Project("{FAE04EC0-301F-11D3-BF4B-00C04F79EFBC}") = "Point_of_progress", "Point_of_progress\Point_of_progress.csproj", "{D17108B3-5D81-4EEB-9521-0ABB3254354D}"
EndProject
Global
	GlobalSection(SolutionConfigurationPlatforms) = preSolution
		Debug|Any CPU = Debug|Any CPU
		Release|Any CPU = Release|Any CPU
	EndGlobalSection
	GlobalSection(ProjectConfigurationPlatforms) = postSolution
		{D17108B3-5D81-4EEB-9521-0ABB3254354D}.Debug|Any CPU.ActiveCfg = Debug|Any CPU
		{D17108B3-5D81-4EEB-9521-0ABB3254354D}.Debug|Any CPU.Build.0 = Debug|Any CPU
		{D17108B3-5D81-4EEB-9521-0ABB3254354D}.Release|Any CPU.ActiveCfg = Release|Any CPU
		{D17108B3-5D81-4EEB-9521-0ABB3254354D}.Release|Any CPU.Build.0 = Release|Any CPU
	EndGlobalSection
	GlobalSection(SolutionProperties) = preSolution
		HideSolutionNode = FALSE
	EndGlobalSection
	GlobalSection(ExtensibilityGlobals) = postSolution
		SolutionGuid = {86B6E67A-ABCB-453C-A35C-65890E908049}
	EndGlobalSection
EndGlobal
